// !$*UTF8*$!
{
	archiveVersion = 1;
	classes = {
	};
	objectVersion = 46;
	objects = {

/* Begin PBXBuildFile section */
		632FB7A31D751C57005D4654 /* AppDelegate.swift in Sources */ = {isa = PBXBuildFile; fileRef = 632FB7A21D751C57005D4654 /* AppDelegate.swift */; };
		632FB7A51D751C57005D4654 /* ViewController.swift in Sources */ = {isa = PBXBuildFile; fileRef = 632FB7A41D751C57005D4654 /* ViewController.swift */; };
		632FB7A81D751C57005D4654 /* Main.storyboard in Resources */ = {isa = PBXBuildFile; fileRef = 632FB7A61D751C57005D4654 /* Main.storyboard */; };
		632FB7AA1D751C57005D4654 /* Assets.xcassets in Resources */ = {isa = PBXBuildFile; fileRef = 632FB7A91D751C57005D4654 /* Assets.xcassets */; };
		632FB7AD1D751C57005D4654 /* LaunchScreen.storyboard in Resources */ = {isa = PBXBuildFile; fileRef = 632FB7AB1D751C57005D4654 /* LaunchScreen.storyboard */; };
/* End PBXBuildFile section */

/* Begin PBXFileReference section */
		632FB79F1D751C56005D4654 /* RewriteGuoDong.app */ = {isa = PBXFileReference; explicitFileType = wrapper.application; includeInIndex = 0; path = RewriteGuoDong.app; sourceTree = BUILT_PRODUCTS_DIR; };
		632FB7A21D751C57005D4654 /* AppDelegate.swift */ = {isa = PBXFileReference; lastKnownFileType = sourcecode.swift; path = AppDelegate.swift; sourceTree = "<group>"; };
		632FB7A41D751C57005D4654 /* ViewController.swift */ = {isa = PBXFileReference; lastKnownFileType = sourcecode.swift; path = ViewController.swift; sourceTree = "<group>"; };
		632FB7A71D751C57005D4654 /* Base */ = {isa = PBXFileReference; lastKnownFileType = file.storyboard; name = Base; path = Base.lproj/Main.storyboard; sourceTree = "<group>"; };
		632FB7A91D751C57005D4654 /* Assets.xcassets */ = {isa = PBXFileReference; lastKnownFileType = folder.assetcatalog; path = Assets.xcassets; sourceTree = "<group>"; };
		632FB7AC1D751C57005D4654 /* Base */ = {isa = PBXFileReference; lastKnownFileType = file.storyboard; name = Base; path = Base.lproj/LaunchScreen.storyboard; sourceTree = "<group>"; };
		632FB7AE1D751C57005D4654 /* Info.plist */ = {isa = PBXFileReference; lastKnownFileType = text.plist.xml; path = Info.plist; sourceTree = "<group>"; };
/* End PBXFileReference section */

/* Begin PBXFrameworksBuildPhase section */
		632FB79C1D751C56005D4654 /* Frameworks */ = {
			isa = PBXFrameworksBuildPhase;
			buildActionMask = 2147483647;
			files = (
			);
			runOnlyForDeploymentPostprocessing = 0;
		};
/* End PBXFrameworksBuildPhase section */

/* Begin PBXGroup section */
		632FB7961D751C56005D4654 = {
			isa = PBXGroup;
			children = (
				632FB7A11D751C57005D4654 /* RewriteGuoDong */,
				632FB7A01D751C56005D4654 /* Products */,
			);
			sourceTree = "<group>";
		};
		632FB7A01D751C56005D4654 /* Products */ = {
			isa = PBXGroup;
			children = (
				632FB79F1D751C56005D4654 /* RewriteGuoDong.app */,
			);
			name = Products;
			sourceTree = "<group>";
		};
		632FB7A11D751C57005D4654 /* RewriteGuoDong */ = {
			isa = PBXGroup;
			children = (
				632FB7A21D751C57005D4654 /* AppDelegate.swift */,
				632FB7A41D751C57005D4654 /* ViewController.swift */,
				632FB7A61D751C57005D4654 /* Main.storyboard */,
				632FB7A91D751C57005D4654 /* Assets.xcassets */,
				632FB7AB1D751C57005D4654 /* LaunchScreen.storyboard */,
				632FB7AE1D751C57005D4654 /* Info.plist */,
			);
			path = RewriteGuoDong;
			sourceTree = "<group>";
		};
/* End PBXGroup section */

/* Begin PBXNativeTarget section */
		632FB79E1D751C56005D4654 /* RewriteGuoDong */ = {
			isa = PBXNativeTarget;
			buildConfigurationList = 632FB7B11D751C57005D4654 /* Build configuration list for PBXNativeTarget "RewriteGuoDong" */;
			buildPhases = (
				632FB79B1D751C56005D4654 /* Sources */,
				632FB79C1D751C56005D4654 /* Frameworks */,
				632FB79D1D751C56005D4654 /* Resources */,
			);
			buildRules = (
			);
			dependencies = (
			);
			name = RewriteGuoDong;
			productName = RewriteGuoDong;
			productReference = 632FB79F1D751C56005D4654 /* RewriteGuoDong.app */;
			productType = "com.apple.product-type.application";
		};
/* End PBXNativeTarget section */

/* Begin PBXProject section */
		632FB7971D751C56005D4654 /* Project object */ = {
			isa = PBXProject;
			attributes = {
				LastSwiftUpdateCheck = 0730;
				LastUpgradeCheck = 0730;
				ORGANIZATIONNAME = Unique;
				TargetAttributes = {
					632FB79E1D751C56005D4654 = {
						CreatedOnToolsVersion = 7.3.1;
						DevelopmentTeam = W3F8ZLM4DL;
					};
				};
			};
			buildConfigurationList = 632FB79A1D751C56005D4654 /* Build configuration list for PBXProject "RewriteGuoDong" */;
			compatibilityVersion = "Xcode 3.2";
			developmentRegion = English;
			hasScannedForEncodings = 0;
			knownRegions = (
				en,
				Base,
			);
			mainGroup = 632FB7961D751C56005D4654;
			productRefGroup = 632FB7A01D751C56005D4654 /* Products */;
			projectDirPath = "";
			projectRoot = "";
			targets = (
				632FB79E1D751C56005D4654 /* RewriteGuoDong */,
			);
		};
/* End PBXProject section */

/* Begin PBXResourcesBuildPhase section */
		632FB79D1D751C56005D4654 /* Resources */ = {
			isa = PBXResourcesBuildPhase;
			buildActionMask = 2147483647;
			files = (
				632FB7AD1D751C57005D4654 /* LaunchScreen.storyboard in Resources */,
				632FB7AA1D751C57005D4654 /* Assets.xcassets in Resources */,
				632FB7A81D751C57005D4654 /* Main.storyboard in Resources */,
			);
			runOnlyForDeploymentPostprocessing = 0;
		};
/* End PBXResourcesBuildPhase section */

/* Begin PBXSourcesBuildPhase section */
		632FB79B1D751C56005D4654 /* Sources */ = {
			isa = PBXSourcesBuildPhase;
			buildActionMask = 2147483647;
			files = (
				632FB7A51D751C57005D4654 /* ViewController.swift in Sources */,
				632FB7A31D751C57005D4654 /* AppDelegate.swift in Sources */,
			);
			runOnlyForDeploymentPostprocessing = 0;
		};
/* End PBXSourcesBuildPhase section */

/* Begin PBXVariantGroup section */
		632FB7A61D751C57005D4654 /* Main.storyboard */ = {
			isa = PBXVariantGroup;
			children = (
				632FB7A71D751C57005D4654 /* Base */,
			);
			name = Main.storyboard;
			sourceTree = "<group>";
		};
		632FB7AB1D751C57005D4654 /* LaunchScreen.storyboard */ = {
			isa = PBXVariantGroup;
			children = (
				632FB7AC1D751C57005D4654 /* Base */,
			);
			name = LaunchScreen.storyboard;
			sourceTree = "<group>";
		};
/* End PBXVariantGroup section */

/* Begin XCBuildConfiguration section */
		632FB7AF1D751C57005D4654 /* Debug */ = {
			isa = XCBuildConfiguration;
			buildSettings = {
				ALWAYS_SEARCH_USER_PATHS = NO;
				CLANG_ANALYZER_NONNULL = YES;
				CLANG_CXX_LANGUAGE_STANDARD = "gnu++0x";
				CLANG_CXX_LIBRARY = "libc++";
				CLANG_ENABLE_MODULES = YES;
				CLANG_ENABLE_OBJC_ARC = YES;
				CLANG_WARN_BOOL_CONVERSION = YES;
				CLANG_WARN_CONSTANT_CONVERSION = YES;
				CLANG_WARN_DIRECT_OBJC_ISA_USAGE = YES_ERROR;
				CLANG_WARN_EMPTY_BODY = YES;
				CLANG_WARN_ENUM_CONVERSION = YES;
				CLANG_WARN_INT_CONVERSION = YES;
				CLANG_WARN_OBJC_ROOT_CLASS = YES_ERROR;
				CLANG_WARN_UNREACHABLE_CODE = YES;
				CLANG_WARN__DUPLICATE_METHOD_MATCH = YES;
				"CODE_SIGN_IDENTITY[sdk=iphoneos*]" = "iPhone Developer";
				COPY_PHASE_STRIP = NO;
				DEBUG_INFORMATION_FORMAT = dwarf;
				ENABLE_STRICT_OBJC_MSGSEND = YES;
				ENABLE_TESTABILITY = YES;
				GCC_C_LANGUAGE_STANDARD = gnu99;
				GCC_DYNAMIC_NO_PIC = NO;
				GCC_NO_COMMON_BLOCKS = YES;
				GCC_OPTIMIZATION_LEVEL = 0;
				GCC_PREPROCESSOR_DEFINITIONS = (
					"DEBUG=1",
					"$(inherited)",
				);
				GCC_WARN_64_TO_32_BIT_CONVERSION = YES;
				GCC_WARN_ABOUT_RETURN_TYPE = YES_ERROR;
				GCC_WARN_UNDECLARED_SELECTOR = YES;
				GCC_WARN_UNINITIALIZED_AUTOS = YES_AGGRESSIVE;
				GCC_WARN_UNUSED_FUNCTION = YES;
				GCC_WARN_UNUSED_VARIABLE = YES;
				IPHONEOS_DEPLOYMENT_TARGET = 9.3;
				MTL_ENABLE_DEBUG_INFO = YES;
				ONLY_ACTIVE_ARCH = YES;
				SDKROOT = iphoneos;
				SWIFT_OPTIMIZATION_LEVEL = "-Onone";
			};
			name = Debug;
		};
		632FB7B01D751C57005D4654 /* Release */ = {
			isa = XCBuildConfiguration;
			buildSettings = {
				ALWAYS_SEARCH_USER_PATHS = NO;
				CLANG_ANALYZER_NONNULL = YES;
				CLANG_CXX_LANGUAGE_STANDARD = "gnu++0x";
				CLANG_CXX_LIBRARY = "libc++";
				CLANG_ENABLE_MODULES = YES;
				CLANG_ENABLE_OBJC_ARC = YES;
				CLANG_WARN_BOOL_CONVERSION = YES;
				CLANG_WARN_CONSTANT_CONVERSION = YES;
				CLANG_WARN_DIRECT_OBJC_ISA_USAGE = YES_ERROR;
				CLANG_WARN_EMPTY_BODY = YES;
				CLANG_WARN_ENUM_CONVERSION = YES;
				CLANG_WARN_INT_CONVERSION = YES;
				CLANG_WARN_OBJC_ROOT_CLASS = YES_ERROR;
				CLANG_WARN_UNREACHABLE_CODE = YES;
				CLANG_WARN__DUPLICATE_METHOD_MATCH = YES;
				"CODE_SIGN_IDENTITY[sdk=iphoneos*]" = "iPhone Developer";
				COPY_PHASE_STRIP = NO;
				DEBUG_INFORMATION_FORMAT = "dwarf-with-dsym";
				ENABLE_NS_ASSERTIONS = NO;
				ENABLE_STRICT_OBJC_MSGSEND = YES;
				GCC_C_LANGUAGE_STANDARD = gnu99;
				GCC_NO_COMMON_BLOCKS = YES;
				GCC_WARN_64_TO_32_BIT_CONVERSION = YES;
				GCC_WARN_ABOUT_RETURN_TYPE = YES_ERROR;
				GCC_WARN_UNDECLARED_SELECTOR = YES;
				GCC_WARN_UNINITIALIZED_AUTOS = YES_AGGRESSIVE;
				GCC_WARN_UNUSED_FUNCTION = YES;
				GCC_WARN_UNUSED_VARIABLE = YES;
				IPHONEOS_DEPLOYMENT_TARGET = 9.3;
				MTL_ENABLE_DEBUG_INFO = NO;
				SDKROOT = iphoneos;
				VALIDATE_PRODUCT = YES;
			};
			name = Release;
		};
		632FB7B21D751C57005D4654 /* Debug */ = {
			isa = XCBuildConfiguration;
			buildSettings = {
				ASSETCATALOG_COMPILER_APPICON_NAME = AppIcon;
				CODE_SIGN_IDENTITY = "iPhone Developer";
				INFOPLIST_FILE = RewriteGuoDong/Info.plist;
				LD_RUNPATH_SEARCH_PATHS = "$(inherited) @executable_path/Frameworks";
				PRODUCT_BUNDLE_IDENTIFIER = com.guodong.RewriteGuoDong;
				PRODUCT_NAME = "$(TARGET_NAME)";
			};
			name = Debug;
		};
		632FB7B31D751C57005D4654 /* Release */ = {
			isa = XCBuildConfiguration;
			buildSettings = {
				ASSETCATALOG_COMPILER_APPICON_NAME = AppIcon;
				CODE_SIGN_IDENTITY = "iPhone Developer";
				INFOPLIST_FILE = RewriteGuoDong/Info.plist;
				LD_RUNPATH_SEARCH_PATHS = "$(inherited) @executable_path/Frameworks";
				PRODUCT_BUNDLE_IDENTIFIER = com.guodong.RewriteGuoDong;
				PRODUCT_NAME = "$(TARGET_NAME)";
			};
			name = Release;
		};
/* End XCBuildConfiguration section */

/* Begin XCConfigurationList section */
		632FB79A1D751C56005D4654 /* Build configuration list for PBXProject "RewriteGuoDong" */ = {
			isa = XCConfigurationList;
			buildConfigurations = (
				632FB7AF1D751C57005D4654 /* Debug */,
				632FB7B01D751C57005D4654 /* Release */,
			);
			defaultConfigurationIsVisible = 0;
			defaultConfigurationName = Release;
		};
		632FB7B11D751C57005D4654 /* Build configuration list for PBXNativeTarget "RewriteGuoDong" */ = {
			isa = XCConfigurationList;
			buildConfigurations = (
				632FB7B21D751C57005D4654 /* Debug */,
				632FB7B31D751C57005D4654 /* Release */,
			);
			defaultConfigurationIsVisible = 0;
		};
/* End XCConfigurationList section */
	};
	rootObject = 632FB7971D751C56005D4654 /* Project object */;
}
